// !$*UTF8*$!
{
	archiveVersion = 1;
	classes = {
	};
	objectVersion = 46;
	objects = {

/* Begin PBXFileReference section */
		05620CAD182E002F0029BEA5 /* main.c */ = {isa = PBXFileReference; fileEncoding = 4; lastKnownFileType = sourcecode.c.c; path = main.c; sourceTree = "<group>"; };
		05620CAF182E002F0029BEA5 /* test1.c */ = {isa = PBXFileReference; fileEncoding = 4; lastKnownFileType = sourcecode.c.c; path = test1.c; sourceTree = "<group>"; };
		05620CB0182E002F0029BEA5 /* test2.c */ = {isa = PBXFileReference; fileEncoding = 4; lastKnownFileType = sourcecode.c.c; path = test2.c; sourceTree = "<group>"; };
		05620CB1182E002F0029BEA5 /* test3.c */ = {isa = PBXFileReference; fileEncoding = 4; lastKnownFileType = sourcecode.c.c; path = test3.c; sourceTree = "<group>"; };
		05620CB2182E002F0029BEA5 /* tests.h */ = {isa = PBXFileReference; fileEncoding = 4; lastKnownFileType = sourcecode.c.h; path = tests.h; sourceTree = "<group>"; };
		05620CB4182E002F0029BEA5 /* XSE.h */ = {isa = PBXFileReference; fileEncoding = 4; lastKnownFileType = sourcecode.c.h; path = XSE.h; sourceTree = "<group>"; };
		05620CB5182E002F0029BEA5 /* XSEAnalogIn.cpp */ = {isa = PBXFileReference; fileEncoding = 4; lastKnownFileType = sourcecode.cpp.cpp; path = XSEAnalogIn.cpp; sourceTree = "<group>"; };
		05620CB6182E002F0029BEA5 /* XSEAnalogIn.h */ = {isa = PBXFileReference; fileEncoding = 4; lastKnownFileType = sourcecode.c.h; path = XSEAnalogIn.h; sourceTree = "<group>"; };
		05620CB7182E002F0029BEA5 /* XSEAnalogOut.cpp */ = {isa = PBXFileReference; fileEncoding = 4; lastKnownFileType = sourcecode.cpp.cpp; path = XSEAnalogOut.cpp; sourceTree = "<group>"; };
		05620CB8182E002F0029BEA5 /* XSEAnalogOut.h */ = {isa = PBXFileReference; fileEncoding = 4; lastKnownFileType = sourcecode.c.h; path = XSEAnalogOut.h; sourceTree = "<group>"; };
		05620CB9182E002F0029BEA5 /* XSEBoardLed.cpp */ = {isa = PBXFileReference; fileEncoding = 4; lastKnownFileType = sourcecode.cpp.cpp; path = XSEBoardLed.cpp; sourceTree = "<group>"; };
		05620CBA182E002F0029BEA5 /* XSEBoardLed.h */ = {isa = PBXFileReference; fileEncoding = 4; lastKnownFileType = sourcecode.c.h; path = XSEBoardLed.h; sourceTree = "<group>"; };
		05620CBB182E002F0029BEA5 /* XSEDigitalIn.cpp */ = {isa = PBXFileReference; fileEncoding = 4; lastKnownFileType = sourcecode.cpp.cpp; path = XSEDigitalIn.cpp; sourceTree = "<group>"; };
		05620CBC182E002F0029BEA5 /* XSEDigitalIn.h */ = {isa = PBXFileReference; fileEncoding = 4; lastKnownFileType = sourcecode.c.h; path = XSEDigitalIn.h; sourceTree = "<group>"; };
		05620CBD182E002F0029BEA5 /* XSEDigitalOut.cpp */ = {isa = PBXFileReference; fileEncoding = 4; lastKnownFileType = sourcecode.cpp.cpp; path = XSEDigitalOut.cpp; sourceTree = "<group>"; };
		05620CBE182E002F0029BEA5 /* XSEDigitalOut.h */ = {isa = PBXFileReference; fileEncoding = 4; lastKnownFileType = sourcecode.c.h; path = XSEDigitalOut.h; sourceTree = "<group>"; };
		05620CBF182E002F0029BEA5 /* XSEFunctions.cpp */ = {isa = PBXFileReference; fileEncoding = 4; lastKnownFileType = sourcecode.cpp.cpp; path = XSEFunctions.cpp; sourceTree = "<group>"; };
		05620CC0182E002F0029BEA5 /* XSEFunctions.h */ = {isa = PBXFileReference; fileEncoding = 4; lastKnownFileType = sourcecode.c.h; path = XSEFunctions.h; sourceTree = "<group>"; };
		05620CC1182E002F0029BEA5 /* XSERuntime.c */ = {isa = PBXFileReference; fileEncoding = 4; lastKnownFileType = sourcecode.c.c; path = XSERuntime.c; sourceTree = "<group>"; };
		05620CC2182E002F0029BEA5 /* XSERuntime.h */ = {isa = PBXFileReference; fileEncoding = 4; lastKnownFileType = sourcecode.c.h; path = XSERuntime.h; sourceTree = "<group>"; };
		05620CC3182E002F0029BEA5 /* XSETimer.cpp */ = {isa = PBXFileReference; fileEncoding = 4; lastKnownFileType = sourcecode.cpp.cpp; path = XSETimer.cpp; sourceTree = "<group>"; };
		05620CC4182E002F0029BEA5 /* XSETimer.h */ = {isa = PBXFileReference; fileEncoding = 4; lastKnownFileType = sourcecode.c.h; path = XSETimer.h; sourceTree = "<group>"; };
		05620CC5182E002F0029BEA5 /* XSETypes.h */ = {isa = PBXFileReference; fileEncoding = 4; lastKnownFileType = sourcecode.c.h; path = XSETypes.h; sourceTree = "<group>"; };
		0563CC68182D878200B65C64 /* AnalogIn.h */ = {isa = PBXFileReference; fileEncoding = 4; lastKnownFileType = sourcecode.c.h; path = AnalogIn.h; sourceTree = "<group>"; };
		0563CC69182D878200B65C64 /* analogin_api.h */ = {isa = PBXFileReference; fileEncoding = 4; lastKnownFileType = sourcecode.c.h; path = analogin_api.h; sourceTree = "<group>"; };
		0563CC6A182D878200B65C64 /* AnalogOut.h */ = {isa = PBXFileReference; fileEncoding = 4; lastKnownFileType = sourcecode.c.h; path = AnalogOut.h; sourceTree = "<group>"; };
		0563CC6B182D878200B65C64 /* analogout_api.h */ = {isa = PBXFileReference; fileEncoding = 4; lastKnownFileType = sourcecode.c.h; path = analogout_api.h; sourceTree = "<group>"; };
		0563CC6C182D878200B65C64 /* BusIn.h */ = {isa = PBXFileReference; fileEncoding = 4; lastKnownFileType = sourcecode.c.h; path = BusIn.h; sourceTree = "<group>"; };
		0563CC6D182D878200B65C64 /* BusInOut.h */ = {isa = PBXFileReference; fileEncoding = 4; lastKnownFileType = sourcecode.c.h; path = BusInOut.h; sourceTree = "<group>"; };
		0563CC6E182D878200B65C64 /* BusOut.h */ = {isa = PBXFileReference; fileEncoding = 4; lastKnownFileType = sourcecode.c.h; path = BusOut.h; sourceTree = "<group>"; };
		0563CC6F182D878200B65C64 /* CallChain.h */ = {isa = PBXFileReference; fileEncoding = 4; lastKnownFileType = sourcecode.c.h; path = CallChain.h; sourceTree = "<group>"; };
		0563CC70182D878200B65C64 /* CAN.h */ = {isa = PBXFileReference; fileEncoding = 4; lastKnownFileType = sourcecode.c.h; path = CAN.h; sourceTree = "<group>"; };
		0563CC71182D878200B65C64 /* can_api.h */ = {isa = PBXFileReference; fileEncoding = 4; lastKnownFileType = sourcecode.c.h; path = can_api.h; sourceTree = "<group>"; };
		0563CC72182D878200B65C64 /* can_helper.h */ = {isa = PBXFileReference; fileEncoding = 4; lastKnownFileType = sourcecode.c.h; path = can_helper.h; sourceTree = "<group>"; };
		0563CC73182D878200B65C64 /* DigitalIn.h */ = {isa = PBXFileReference; fileEncoding = 4; lastKnownFileType = sourcecode.c.h; path = DigitalIn.h; sourceTree = "<group>"; };
		0563CC74182D878200B65C64 /* DigitalInOut.h */ = {isa = PBXFileReference; fileEncoding = 4; lastKnownFileType = sourcecode.c.h; path = DigitalInOut.h; sourceTree = "<group>"; };
		0563CC75182D878200B65C64 /* DigitalOut.h */ = {isa = PBXFileReference; fileEncoding = 4; lastKnownFileType = sourcecode.c.h; path = DigitalOut.h; sourceTree = "<group>"; };
		0563CC76182D878200B65C64 /* DirHandle.h */ = {isa = PBXFileReference; fileEncoding = 4; lastKnownFileType = sourcecode.c.h; path = DirHandle.h; sourceTree = "<group>"; };
		0563CC77182D878200B65C64 /* error.h */ = {isa = PBXFileReference; fileEncoding = 4; lastKnownFileType = sourcecode.c.h; path = error.h; sourceTree = "<group>"; };
		0563CC78182D878200B65C64 /* Ethernet.h */ = {isa = PBXFileReference; fileEncoding = 4; lastKnownFileType = sourcecode.c.h; path = Ethernet.h; sourceTree = "<group>"; };
		0563CC79182D878200B65C64 /* ethernet_api.h */ = {isa = PBXFileReference; fileEncoding = 4; lastKnownFileType = sourcecode.c.h; path = ethernet_api.h; sourceTree = "<group>"; };
		0563CC7A182D878200B65C64 /* FileBase.h */ = {isa = PBXFileReference; fileEncoding = 4; lastKnownFileType = sourcecode.c.h; path = FileBase.h; sourceTree = "<group>"; };
		0563CC7B182D878200B65C64 /* FileHandle.h */ = {isa = PBXFileReference; fileEncoding = 4; lastKnownFileType = sourcecode.c.h; path = FileHandle.h; sourceTree = "<group>"; };
		0563CC7C182D878200B65C64 /* FileLike.h */ = {isa = PBXFileReference; fileEncoding = 4; lastKnownFileType = sourcecode.c.h; path = FileLike.h; sourceTree = "<group>"; };
		0563CC7D182D878200B65C64 /* FilePath.h */ = {isa = PBXFileReference; fileEncoding = 4; lastKnownFileType = sourcecode.c.h; path = FilePath.h; sourceTree = "<group>"; };
		0563CC7E182D878200B65C64 /* FileSystemLike.h */ = {isa = PBXFileReference; fileEncoding = 4; lastKnownFileType = sourcecode.c.h; path = FileSystemLike.h; sourceTree = "<group>"; };
		0563CC7F182D878200B65C64 /* FunctionPointer.h */ = {isa = PBXFileReference; fileEncoding = 4; lastKnownFileType = sourcecode.c.h; path = FunctionPointer.h; sourceTree = "<group>"; };
		0563CC80182D878200B65C64 /* gpio_api.h */ = {isa = PBXFileReference; fileEncoding = 4; lastKnownFileType = sourcecode.c.h; path = gpio_api.h; sourceTree = "<group>"; };
		0563CC81182D878200B65C64 /* gpio_irq_api.h */ = {isa = PBXFileReference; fileEncoding = 4; lastKnownFileType = sourcecode.c.h; path = gpio_irq_api.h; sourceTree = "<group>"; };
		0563CC82182D878200B65C64 /* I2C.h */ = {isa = PBXFileReference; fileEncoding = 4; lastKnownFileType = sourcecode.c.h; path = I2C.h; sourceTree = "<group>"; };
		0563CC83182D878200B65C64 /* i2c_api.h */ = {isa = PBXFileReference; fileEncoding = 4; lastKnownFileType = sourcecode.c.h; path = i2c_api.h; sourceTree = "<group>"; };
		0563CC84182D878200B65C64 /* I2CSlave.h */ = {isa = PBXFileReference; fileEncoding = 4; lastKnownFileType = sourcecode.c.h; path = I2CSlave.h; sourceTree = "<group>"; };
		0563CC85182D878200B65C64 /* InterruptIn.h */ = {isa = PBXFileReference; fileEncoding = 4; lastKnownFileType = sourcecode.c.h; path = InterruptIn.h; sourceTree = "<group>"; };
		0563CC86182D878200B65C64 /* InterruptManager.h */ = {isa = PBXFileReference; fileEncoding = 4; lastKnownFileType = sourcecode.c.h; path = InterruptManager.h; sourceTree = "<group>"; };
		0563CC87182D878200B65C64 /* LocalFileSystem.h */ = {isa = PBXFileReference; fileEncoding = 4; lastKnownFileType = sourcecode.c.h; path = LocalFileSystem.h; sourceTree = "<group>"; };
		0563CC88182D878200B65C64 /* mbed.h */ = {isa = PBXFileReference; fileEncoding = 4; lastKnownFileType = sourcecode.c.h; path = mbed.h; sourceTree = "<group>"; };
		0563CC89182D878200B65C64 /* mbed_debug.h */ = {isa = PBXFileReference; fileEncoding = 4; lastKnownFileType = sourcecode.c.h; path = mbed_debug.h; sourceTree = "<group>"; };
		0563CC8A182D878200B65C64 /* mbed_interface.h */ = {isa = PBXFileReference; fileEncoding = 4; lastKnownFileType = sourcecode.c.h; path = mbed_interface.h; sourceTree = "<group>"; };
		0563CC8B182D878200B65C64 /* pinmap.h */ = {isa = PBXFileReference; fileEncoding = 4; lastKnownFileType = sourcecode.c.h; path = pinmap.h; sourceTree = "<group>"; };
		0563CC8C182D878200B65C64 /* platform.h */ = {isa = PBXFileReference; fileEncoding = 4; lastKnownFileType = sourcecode.c.h; path = platform.h; sourceTree = "<group>"; };
		0563CC8D182D878200B65C64 /* port_api.h */ = {isa = PBXFileReference; fileEncoding = 4; lastKnownFileType = sourcecode.c.h; path = port_api.h; sourceTree = "<group>"; };
		0563CC8E182D878200B65C64 /* PortIn.h */ = {isa = PBXFileReference; fileEncoding = 4; lastKnownFileType = sourcecode.c.h; path = PortIn.h; sourceTree = "<group>"; };
		0563CC8F182D878200B65C64 /* PortInOut.h */ = {isa = PBXFileReference; fileEncoding = 4; lastKnownFileType = sourcecode.c.h; path = PortInOut.h; sourceTree = "<group>"; };
		0563CC90182D878200B65C64 /* PortOut.h */ = {isa = PBXFileReference; fileEncoding = 4; lastKnownFileType = sourcecode.c.h; path = PortOut.h; sourceTree = "<group>"; };
		0563CC91182D878200B65C64 /* PwmOut.h */ = {isa = PBXFileReference; fileEncoding = 4; lastKnownFileType = sourcecode.c.h; path = PwmOut.h; sourceTree = "<group>"; };
		0563CC92182D878200B65C64 /* pwmout_api.h */ = {isa = PBXFileReference; fileEncoding = 4; lastKnownFileType = sourcecode.c.h; path = pwmout_api.h; sourceTree = "<group>"; };
		0563CC93182D878200B65C64 /* rtc_api.h */ = {isa = PBXFileReference; fileEncoding = 4; lastKnownFileType = sourcecode.c.h; path = rtc_api.h; sourceTree = "<group>"; };
		0563CC94182D878200B65C64 /* rtc_time.h */ = {isa = PBXFileReference; fileEncoding = 4; lastKnownFileType = sourcecode.c.h; path = rtc_time.h; sourceTree = "<group>"; };
		0563CC95182D878200B65C64 /* semihost_api.h */ = {isa = PBXFileReference; fileEncoding = 4; lastKnownFileType = sourcecode.c.h; path = semihost_api.h; sourceTree = "<group>"; };
		0563CC96182D878200B65C64 /* Serial.h */ = {isa = PBXFileReference; fileEncoding = 4; lastKnownFileType = sourcecode.c.h; path = Serial.h; sourceTree = "<group>"; };
		0563CC97182D878200B65C64 /* serial_api.h */ = {isa = PBXFileReference; fileEncoding = 4; lastKnownFileType = sourcecode.c.h; path = serial_api.h; sourceTree = "<group>"; };
		0563CC98182D878200B65C64 /* sleep_api.h */ = {isa = PBXFileReference; fileEncoding = 4; lastKnownFileType = sourcecode.c.h; path = sleep_api.h; sourceTree = "<group>"; };
		0563CC99182D878200B65C64 /* SPI.h */ = {isa = PBXFileReference; fileEncoding = 4; lastKnownFileType = sourcecode.c.h; path = SPI.h; sourceTree = "<group>"; };
		0563CC9A182D878200B65C64 /* spi_api.h */ = {isa = PBXFileReference; fileEncoding = 4; lastKnownFileType = sourcecode.c.h; path = spi_api.h; sourceTree = "<group>"; };
		0563CC9B182D878200B65C64 /* SPISlave.h */ = {isa = PBXFileReference; fileEncoding = 4; lastKnownFileType = sourcecode.c.h; path = SPISlave.h; sourceTree = "<group>"; };
		0563CC9C182D878200B65C64 /* Stream.h */ = {isa = PBXFileReference; fileEncoding = 4; lastKnownFileType = sourcecode.c.h; path = Stream.h; sourceTree = "<group>"; };
		0563CC9E182D878200B65C64 /* cmsis.h */ = {isa = PBXFileReference; fileEncoding = 4; lastKnownFileType = sourcecode.c.h; path = cmsis.h; sourceTree = "<group>"; };
		0563CC9F182D878200B65C64 /* cmsis_nvic.h */ = {isa = PBXFileReference; fileEncoding = 4; lastKnownFileType = sourcecode.c.h; path = cmsis_nvic.h; sourceTree = "<group>"; };
		0563CCA0182D878200B65C64 /* core_cm0.h */ = {isa = PBXFileReference; fileEncoding = 4; lastKnownFileType = sourcecode.c.h; path = core_cm0.h; sourceTree = "<group>"; };
		0563CCA1182D878200B65C64 /* core_cm0plus.h */ = {isa = PBXFileReference; fileEncoding = 4; lastKnownFileType = sourcecode.c.h; path = core_cm0plus.h; sourceTree = "<group>"; };
		0563CCA2182D878200B65C64 /* core_cm3.h */ = {isa = PBXFileReference; fileEncoding = 4; lastKnownFileType = sourcecode.c.h; path = core_cm3.h; sourceTree = "<group>"; };
		0563CCA3182D878200B65C64 /* core_cm4.h */ = {isa = PBXFileReference; fileEncoding = 4; lastKnownFileType = sourcecode.c.h; path = core_cm4.h; sourceTree = "<group>"; };
		0563CCA4182D878200B65C64 /* core_cm4_simd.h */ = {isa = PBXFileReference; fileEncoding = 4; lastKnownFileType = sourcecode.c.h; path = core_cm4_simd.h; sourceTree = "<group>"; };
		0563CCA5182D878200B65C64 /* core_cmFunc.h */ = {isa = PBXFileReference; fileEncoding = 4; lastKnownFileType = sourcecode.c.h; path = core_cmFunc.h; sourceTree = "<group>"; };
		0563CCA6182D878200B65C64 /* core_cmInstr.h */ = {isa = PBXFileReference; fileEncoding = 4; lastKnownFileType = sourcecode.c.h; path = core_cmInstr.h; sourceTree = "<group>"; };
		0563CCA7182D878200B65C64 /* device.h */ = {isa = PBXFileReference; fileEncoding = 4; lastKnownFileType = sourcecode.c.h; path = device.h; sourceTree = "<group>"; };
		0563CCA8182D878200B65C64 /* gpio_object.h */ = {isa = PBXFileReference; fileEncoding = 4; lastKnownFileType = sourcecode.c.h; path = gpio_object.h; sourceTree = "<group>"; };
		0563CCA9182D878200B65C64 /* LPC17xx.h */ = {isa = PBXFileReference; fileEncoding = 4; lastKnownFileType = sourcecode.c.h; path = LPC17xx.h; sourceTree = "<group>"; };
		0563CCAA182D878200B65C64 /* objects.h */ = {isa = PBXFileReference; fileEncoding = 4; lastKnownFileType = sourcecode.c.h; path = objects.h; sourceTree = "<group>"; };
		0563CCAB182D878200B65C64 /* PeripheralNames.h */ = {isa = PBXFileReference; fileEncoding = 4; lastKnownFileType = sourcecode.c.h; path = PeripheralNames.h; sourceTree = "<group>"; };
		0563CCAC182D878200B65C64 /* PinNames.h */ = {isa = PBXFileReference; fileEncoding = 4; lastKnownFileType = sourcecode.c.h; path = PinNames.h; sourceTree = "<group>"; };
		0563CCAD182D878200B65C64 /* PortNames.h */ = {isa = PBXFileReference; fileEncoding = 4; lastKnownFileType = sourcecode.c.h; path = PortNames.h; sourceTree = "<group>"; };
		0563CCAE182D878200B65C64 /* system_LPC17xx.h */ = {isa = PBXFileReference; fileEncoding = 4; lastKnownFileType = sourcecode.c.h; path = system_LPC17xx.h; sourceTree = "<group>"; };
		0563CCB6182D878200B65C64 /* Ticker.h */ = {isa = PBXFileReference; fileEncoding = 4; lastKnownFileType = sourcecode.c.h; path = Ticker.h; sourceTree = "<group>"; };
		0563CCB7182D878200B65C64 /* Timeout.h */ = {isa = PBXFileReference; fileEncoding = 4; lastKnownFileType = sourcecode.c.h; path = Timeout.h; sourceTree = "<group>"; };
		0563CCB8182D878200B65C64 /* Timer.h */ = {isa = PBXFileReference; fileEncoding = 4; lastKnownFileType = sourcecode.c.h; path = Timer.h; sourceTree = "<group>"; };
		0563CCB9182D878200B65C64 /* TimerEvent.h */ = {isa = PBXFileReference; fileEncoding = 4; lastKnownFileType = sourcecode.c.h; path = TimerEvent.h; sourceTree = "<group>"; };
		0563CCBA182D878200B65C64 /* toolchain.h */ = {isa = PBXFileReference; fileEncoding = 4; lastKnownFileType = sourcecode.c.h; path = toolchain.h; sourceTree = "<group>"; };
		0563CCBB182D878200B65C64 /* us_ticker_api.h */ = {isa = PBXFileReference; fileEncoding = 4; lastKnownFileType = sourcecode.c.h; path = us_ticker_api.h; sourceTree = "<group>"; };
		0563CCBC182D878200B65C64 /* wait_api.h */ = {isa = PBXFileReference; fileEncoding = 4; lastKnownFileType = sourcecode.c.h; path = wait_api.h; sourceTree = "<group>"; };
		0563CCBD182D878200B65C64 /* Makefile-Config.mk */ = {isa = PBXFileReference; fileEncoding = 4; lastKnownFileType = text; name = "Makefile-Config.mk"; path = "../../Makefile-Config.mk"; sourceTree = "<group>"; };
		0563CCBE182D878200B65C64 /* README.md */ = {isa = PBXFileReference; fileEncoding = 4; lastKnownFileType = text; name = README.md; path = ../../README.md; sourceTree = "<group>"; };
/* End PBXFileReference section */

/* Begin PBXGroup section */
		05620CAE182E002F0029BEA5 /* tests */ = {
			isa = PBXGroup;
			children = (
				05620CAF182E002F0029BEA5 /* test1.c */,
				05620CB0182E002F0029BEA5 /* test2.c */,
				05620CB1182E002F0029BEA5 /* test3.c */,
				05620CB2182E002F0029BEA5 /* tests.h */,
			);
			path = tests;
			sourceTree = "<group>";
		};
		05620CB3182E002F0029BEA5 /* XSE */ = {
			isa = PBXGroup;
			children = (
				05620CB4182E002F0029BEA5 /* XSE.h */,
				05620CB5182E002F0029BEA5 /* XSEAnalogIn.cpp */,
				05620CB6182E002F0029BEA5 /* XSEAnalogIn.h */,
				05620CB7182E002F0029BEA5 /* XSEAnalogOut.cpp */,
				05620CB8182E002F0029BEA5 /* XSEAnalogOut.h */,
				05620CB9182E002F0029BEA5 /* XSEBoardLed.cpp */,
				05620CBA182E002F0029BEA5 /* XSEBoardLed.h */,
				05620CBB182E002F0029BEA5 /* XSEDigitalIn.cpp */,
				05620CBC182E002F0029BEA5 /* XSEDigitalIn.h */,
				05620CBD182E002F0029BEA5 /* XSEDigitalOut.cpp */,
				05620CBE182E002F0029BEA5 /* XSEDigitalOut.h */,
				05620CBF182E002F0029BEA5 /* XSEFunctions.cpp */,
				05620CC0182E002F0029BEA5 /* XSEFunctions.h */,
				05620CC1182E002F0029BEA5 /* XSERuntime.c */,
				05620CC2182E002F0029BEA5 /* XSERuntime.h */,
				05620CC3182E002F0029BEA5 /* XSETimer.cpp */,
				05620CC4182E002F0029BEA5 /* XSETimer.h */,
				05620CC5182E002F0029BEA5 /* XSETypes.h */,
			);
			path = XSE;
			sourceTree = "<group>";
		};
		0563CC5B182D877400B65C64 = {
			isa = PBXGroup;
			children = (
				0563CC66182D878200B65C64 /* lib */,
				0563CCBD182D878200B65C64 /* Makefile-Config.mk */,
				0563CCBE182D878200B65C64 /* README.md */,
				0563CCBF182D878200B65C64 /* source */,
				0563CCC5182D878200B65C64 /* toolchain */,
			);
			sourceTree = "<group>";
		};
		0563CC66182D878200B65C64 /* lib */ = {
			isa = PBXGroup;
			children = (
				0563CC67182D878200B65C64 /* mbed */,
			);
			name = lib;
			path = ../../lib;
			sourceTree = "<group>";
		};
		0563CC67182D878200B65C64 /* mbed */ = {
			isa = PBXGroup;
			children = (
				0563CC68182D878200B65C64 /* AnalogIn.h */,
				0563CC69182D878200B65C64 /* analogin_api.h */,
				0563CC6A182D878200B65C64 /* AnalogOut.h */,
				0563CC6B182D878200B65C64 /* analogout_api.h */,
				0563CC6C182D878200B65C64 /* BusIn.h */,
				0563CC6D182D878200B65C64 /* BusInOut.h */,
				0563CC6E182D878200B65C64 /* BusOut.h */,
				0563CC6F182D878200B65C64 /* CallChain.h */,
				0563CC70182D878200B65C64 /* CAN.h */,
				0563CC71182D878200B65C64 /* can_api.h */,
				0563CC72182D878200B65C64 /* can_helper.h */,
				0563CC73182D878200B65C64 /* DigitalIn.h */,
				0563CC74182D878200B65C64 /* DigitalInOut.h */,
				0563CC75182D878200B65C64 /* DigitalOut.h */,
				0563CC76182D878200B65C64 /* DirHandle.h */,
				0563CC77182D878200B65C64 /* error.h */,
				0563CC78182D878200B65C64 /* Ethernet.h */,
				0563CC79182D878200B65C64 /* ethernet_api.h */,
				0563CC7A182D878200B65C64 /* FileBase.h */,
				0563CC7B182D878200B65C64 /* FileHandle.h */,
				0563CC7C182D878200B65C64 /* FileLike.h */,
				0563CC7D182D878200B65C64 /* FilePath.h */,
				0563CC7E182D878200B65C64 /* FileSystemLike.h */,
				0563CC7F182D878200B65C64 /* FunctionPointer.h */,
				0563CC80182D878200B65C64 /* gpio_api.h */,
				0563CC81182D878200B65C64 /* gpio_irq_api.h */,
				0563CC82182D878200B65C64 /* I2C.h */,
				0563CC83182D878200B65C64 /* i2c_api.h */,
				0563CC84182D878200B65C64 /* I2CSlave.h */,
				0563CC85182D878200B65C64 /* InterruptIn.h */,
				0563CC86182D878200B65C64 /* InterruptManager.h */,
				0563CC87182D878200B65C64 /* LocalFileSystem.h */,
				0563CC88182D878200B65C64 /* mbed.h */,
				0563CC89182D878200B65C64 /* mbed_debug.h */,
				0563CC8A182D878200B65C64 /* mbed_interface.h */,
				0563CC8B182D878200B65C64 /* pinmap.h */,
				0563CC8C182D878200B65C64 /* platform.h */,
				0563CC8D182D878200B65C64 /* port_api.h */,
				0563CC8E182D878200B65C64 /* PortIn.h */,
				0563CC8F182D878200B65C64 /* PortInOut.h */,
				0563CC90182D878200B65C64 /* PortOut.h */,
				0563CC91182D878200B65C64 /* PwmOut.h */,
				0563CC92182D878200B65C64 /* pwmout_api.h */,
				0563CC93182D878200B65C64 /* rtc_api.h */,
				0563CC94182D878200B65C64 /* rtc_time.h */,
				0563CC95182D878200B65C64 /* semihost_api.h */,
				0563CC96182D878200B65C64 /* Serial.h */,
				0563CC97182D878200B65C64 /* serial_api.h */,
				0563CC98182D878200B65C64 /* sleep_api.h */,
				0563CC99182D878200B65C64 /* SPI.h */,
				0563CC9A182D878200B65C64 /* spi_api.h */,
				0563CC9B182D878200B65C64 /* SPISlave.h */,
				0563CC9C182D878200B65C64 /* Stream.h */,
				0563CC9D182D878200B65C64 /* TARGET_LPC1768 */,
				0563CCB6182D878200B65C64 /* Ticker.h */,
				0563CCB7182D878200B65C64 /* Timeout.h */,
				0563CCB8182D878200B65C64 /* Timer.h */,
				0563CCB9182D878200B65C64 /* TimerEvent.h */,
				0563CCBA182D878200B65C64 /* toolchain.h */,
				0563CCBB182D878200B65C64 /* us_ticker_api.h */,
				0563CCBC182D878200B65C64 /* wait_api.h */,
			);
			path = mbed;
			sourceTree = "<group>";
		};
		0563CC9D182D878200B65C64 /* TARGET_LPC1768 */ = {
			isa = PBXGroup;
			children = (
				0563CC9E182D878200B65C64 /* cmsis.h */,
				0563CC9F182D878200B65C64 /* cmsis_nvic.h */,
				0563CCA0182D878200B65C64 /* core_cm0.h */,
				0563CCA1182D878200B65C64 /* core_cm0plus.h */,
				0563CCA2182D878200B65C64 /* core_cm3.h */,
				0563CCA3182D878200B65C64 /* core_cm4.h */,
				0563CCA4182D878200B65C64 /* core_cm4_simd.h */,
				0563CCA5182D878200B65C64 /* core_cmFunc.h */,
				0563CCA6182D878200B65C64 /* core_cmInstr.h */,
				0563CCA7182D878200B65C64 /* device.h */,
				0563CCA8182D878200B65C64 /* gpio_object.h */,
				0563CCA9182D878200B65C64 /* LPC17xx.h */,
				0563CCAA182D878200B65C64 /* objects.h */,
				0563CCAB182D878200B65C64 /* PeripheralNames.h */,
				0563CCAC182D878200B65C64 /* PinNames.h */,
				0563CCAD182D878200B65C64 /* PortNames.h */,
				0563CCAE182D878200B65C64 /* system_LPC17xx.h */,
			);
			path = TARGET_LPC1768;
			sourceTree = "<group>";
		};
		0563CCBF182D878200B65C64 /* source */ = {
			isa = PBXGroup;
			children = (
				05620CAD182E002F0029BEA5 /* main.c */,
				05620CAE182E002F0029BEA5 /* tests */,
				05620CB3182E002F0029BEA5 /* XSE */,
			);
			name = source;
			path = ../../source;
			sourceTree = "<group>";
		};
		0563CCC5182D878200B65C64 /* toolchain */ = {
			isa = PBXGroup;
			children = (
			);
			name = toolchain;
			path = ../../toolchain;
			sourceTree = "<group>";
		};
/* End PBXGroup section */

/* Begin PBXLegacyTarget section */
		0563CC60182D877400B65C64 /* MBED-LPC1768 */ = {
			isa = PBXLegacyTarget;
			buildArgumentsString = "$(ACTION)";
			buildConfigurationList = 0563CC63182D877400B65C64 /* Build configuration list for PBXLegacyTarget "MBED-LPC1768" */;
			buildPhases = (
			);
			buildToolPath = /usr/bin/make;
			dependencies = (
			);
			name = "MBED-LPC1768";
			passBuildSettingsInEnvironment = 1;
			productName = "MBED-LPC1768";
		};
/* End PBXLegacyTarget section */

/* Begin PBXProject section */
		0563CC5C182D877400B65C64 /* Project object */ = {
			isa = PBXProject;
			attributes = {
				LastUpgradeCheck = 0500;
				ORGANIZATIONNAME = "XS-Labs";
			};
			buildConfigurationList = 0563CC5F182D877400B65C64 /* Build configuration list for PBXProject "MBED-LPC1768" */;
			compatibilityVersion = "Xcode 3.2";
			developmentRegion = English;
			hasScannedForEncodings = 0;
			knownRegions = (
				en,
			);
			mainGroup = 0563CC5B182D877400B65C64;
			projectDirPath = "";
			projectRoot = "";
			targets = (
				0563CC60182D877400B65C64 /* MBED-LPC1768 */,
			);
		};
/* End PBXProject section */

/* Begin XCBuildConfiguration section */
		0563CC61182D877400B65C64 /* Debug */ = {
			isa = XCBuildConfiguration;
			buildSettings = {
				ALWAYS_SEARCH_USER_PATHS = NO;
				CLANG_CXX_LANGUAGE_STANDARD = "gnu++0x";
				CLANG_CXX_LIBRARY = "libc++";
				CLANG_ENABLE_OBJC_ARC = YES;
				CLANG_WARN_BOOL_CONVERSION = YES;
				CLANG_WARN_CONSTANT_CONVERSION = YES;
				CLANG_WARN_DIRECT_OBJC_ISA_USAGE = YES_ERROR;
				CLANG_WARN_EMPTY_BODY = YES;
				CLANG_WARN_ENUM_CONVERSION = YES;
				CLANG_WARN_INT_CONVERSION = YES;
				CLANG_WARN_OBJC_ROOT_CLASS = YES_ERROR;
				CLANG_WARN__DUPLICATE_METHOD_MATCH = YES;
				COPY_PHASE_STRIP = NO;
				GCC_C_LANGUAGE_STANDARD = gnu99;
				GCC_DYNAMIC_NO_PIC = NO;
				GCC_ENABLE_OBJC_EXCEPTIONS = YES;
				GCC_OPTIMIZATION_LEVEL = 0;
				GCC_PREPROCESSOR_DEFINITIONS = (
					"DEBUG=1",
					"$(inherited)",
				);
				GCC_SYMBOLS_PRIVATE_EXTERN = NO;
				GCC_WARN_64_TO_32_BIT_CONVERSION = YES;
				GCC_WARN_ABOUT_RETURN_TYPE = YES_ERROR;
				GCC_WARN_UNDECLARED_SELECTOR = YES;
				GCC_WARN_UNINITIALIZED_AUTOS = YES;
				GCC_WARN_UNUSED_FUNCTION = YES;
				GCC_WARN_UNUSED_VARIABLE = YES;
				MACOSX_DEPLOYMENT_TARGET = 10.9;
				ONLY_ACTIVE_ARCH = YES;
				SDKROOT = macosx;
			};
			name = Debug;
		};
		0563CC62182D877400B65C64 /* Release */ = {
			isa = XCBuildConfiguration;
			buildSettings = {
				ALWAYS_SEARCH_USER_PATHS = NO;
				CLANG_CXX_LANGUAGE_STANDARD = "gnu++0x";
				CLANG_CXX_LIBRARY = "libc++";
				CLANG_ENABLE_OBJC_ARC = YES;
				CLANG_WARN_BOOL_CONVERSION = YES;
				CLANG_WARN_CONSTANT_CONVERSION = YES;
				CLANG_WARN_DIRECT_OBJC_ISA_USAGE = YES_ERROR;
				CLANG_WARN_EMPTY_BODY = YES;
				CLANG_WARN_ENUM_CONVERSION = YES;
				CLANG_WARN_INT_CONVERSION = YES;
				CLANG_WARN_OBJC_ROOT_CLASS = YES_ERROR;
				CLANG_WARN__DUPLICATE_METHOD_MATCH = YES;
				COPY_PHASE_STRIP = YES;
				DEBUG_INFORMATION_FORMAT = "dwarf-with-dsym";
				ENABLE_NS_ASSERTIONS = NO;
				GCC_C_LANGUAGE_STANDARD = gnu99;
				GCC_ENABLE_OBJC_EXCEPTIONS = YES;
				GCC_WARN_64_TO_32_BIT_CONVERSION = YES;
				GCC_WARN_ABOUT_RETURN_TYPE = YES_ERROR;
				GCC_WARN_UNDECLARED_SELECTOR = YES;
				GCC_WARN_UNINITIALIZED_AUTOS = YES;
				GCC_WARN_UNUSED_FUNCTION = YES;
				GCC_WARN_UNUSED_VARIABLE = YES;
				MACOSX_DEPLOYMENT_TARGET = 10.9;
				SDKROOT = macosx;
			};
			name = Release;
		};
		0563CC64182D877400B65C64 /* Debug */ = {
			isa = XCBuildConfiguration;
			buildSettings = {
				DEBUGGING_SYMBOLS = YES;
				GCC_GENERATE_DEBUGGING_SYMBOLS = YES;
				GCC_OPTIMIZATION_LEVEL = 0;
				OTHER_CFLAGS = "";
				OTHER_LDFLAGS = "";
				PRODUCT_NAME = "$(TARGET_NAME)";
			};
			name = Debug;
		};
		0563CC65182D877400B65C64 /* Release */ = {
			isa = XCBuildConfiguration;
			buildSettings = {
				OTHER_CFLAGS = "";
				OTHER_LDFLAGS = "";
				PRODUCT_NAME = "$(TARGET_NAME)";
			};
			name = Release;
		};
/* End XCBuildConfiguration section */

/* Begin XCConfigurationList section */
		0563CC5F182D877400B65C64 /* Build configuration list for PBXProject "MBED-LPC1768" */ = {
			isa = XCConfigurationList;
			buildConfigurations = (
				0563CC61182D877400B65C64 /* Debug */,
				0563CC62182D877400B65C64 /* Release */,
			);
			defaultConfigurationIsVisible = 0;
			defaultConfigurationName = Release;
		};
		0563CC63182D877400B65C64 /* Build configuration list for PBXLegacyTarget "MBED-LPC1768" */ = {
			isa = XCConfigurationList;
			buildConfigurations = (
				0563CC64182D877400B65C64 /* Debug */,
				0563CC65182D877400B65C64 /* Release */,
			);
			defaultConfigurationIsVisible = 0;
			defaultConfigurationName = Release;
		};
/* End XCConfigurationList section */
	};
	rootObject = 0563CC5C182D877400B65C64 /* Project object */;
}
